
Microsoft Visual Studio Solution File, Format Version 12.00
# Visual Studio Version 17
VisualStudioVersion = 17.13.35931.197
MinimumVisualStudioVersion = 10.0.40219.1
Project("{FAE04EC0-301F-11D3-BF4B-00C04F79EFBC}") = "DynDungeonCrawler.Engine", "DynDungeonCrawler.Engine\DynDungeonCrawler.Engine.csproj", "{76E0B86E-EAA2-0BE7-403D-F734161B5408}"
EndProject
Project("{FAE04EC0-301F-11D3-BF4B-00C04F79EFBC}") = "DynDungeonCrawler.GeneratorApp", "DynDungeonCrawler.GeneratorApp\DynDungeonCrawler.GeneratorApp.csproj", "{5A834A94-2DFE-C70F-2902-FD0E2F90F97C}"
EndProject
Project("{2150E333-8FDC-42A3-9474-1A3956D46DE8}") = "Solution Items", "Solution Items", "{8EC462FD-D22E-90A8-E5CE-7E832BA40C5D}"
	ProjectSection(SolutionItems) = preProject
		.gitignore = .gitignore
		README.md = README.md
		zipCS.ps1 = zipCS.ps1
	EndProjectSection
EndProject
Project("{FAE04EC0-301F-11D3-BF4B-00C04F79EFBC}") = "DynDungeonCrawler.ConDungeon", "DynDungeonCrawler.ConDungeon\DynDungeonCrawler.ConDungeon.csproj", "{1A54F8AD-EFD3-1EB5-D580-C7DAE8478013}"
EndProject
Project("{FAE04EC0-301F-11D3-BF4B-00C04F79EFBC}") = "DynDungeonCrawler.MapViewer", "DynDungeonCrawler.MapViewer\DynDungeonCrawler.MapViewer.csproj", "{FB0B4716-CAF3-3897-24C6-178AE7572C98}"
EndProject
Global
	GlobalSection(SolutionConfigurationPlatforms) = preSolution
		Debug|Any CPU = Debug|Any CPU
		Debug|x64 = Debug|x64
		Debug|x86 = Debug|x86
		Release|Any CPU = Release|Any CPU
		Release|x64 = Release|x64
		Release|x86 = Release|x86
	EndGlobalSection
	GlobalSection(ProjectConfigurationPlatforms) = postSolution
		{76E0B86E-EAA2-0BE7-403D-F734161B5408}.Debug|Any CPU.ActiveCfg = Debug|Any CPU
		{76E0B86E-EAA2-0BE7-403D-F734161B5408}.Debug|Any CPU.Build.0 = Debug|Any CPU
		{76E0B86E-EAA2-0BE7-403D-F734161B5408}.Debug|x64.ActiveCfg = Debug|Any CPU
		{76E0B86E-EAA2-0BE7-403D-F734161B5408}.Debug|x64.Build.0 = Debug|Any CPU
		{76E0B86E-EAA2-0BE7-403D-F734161B5408}.Debug|x86.ActiveCfg = Debug|Any CPU
		{76E0B86E-EAA2-0BE7-403D-F734161B5408}.Debug|x86.Build.0 = Debug|Any CPU
		{76E0B86E-EAA2-0BE7-403D-F734161B5408}.Release|Any CPU.ActiveCfg = Release|Any CPU
		{76E0B86E-EAA2-0BE7-403D-F734161B5408}.Release|Any CPU.Build.0 = Release|Any CPU
		{76E0B86E-EAA2-0BE7-403D-F734161B5408}.Release|x64.ActiveCfg = Release|Any CPU
		{76E0B86E-EAA2-0BE7-403D-F734161B5408}.Release|x64.Build.0 = Release|Any CPU
		{76E0B86E-EAA2-0BE7-403D-F734161B5408}.Release|x86.ActiveCfg = Release|Any CPU
		{76E0B86E-EAA2-0BE7-403D-F734161B5408}.Release|x86.Build.0 = Release|Any CPU
		{5A834A94-2DFE-C70F-2902-FD0E2F90F97C}.Debug|Any CPU.ActiveCfg = Debug|Any CPU
		{5A834A94-2DFE-C70F-2902-FD0E2F90F97C}.Debug|Any CPU.Build.0 = Debug|Any CPU
		{5A834A94-2DFE-C70F-2902-FD0E2F90F97C}.Debug|x64.ActiveCfg = Debug|Any CPU
		{5A834A94-2DFE-C70F-2902-FD0E2F90F97C}.Debug|x64.Build.0 = Debug|Any CPU
		{5A834A94-2DFE-C70F-2902-FD0E2F90F97C}.Debug|x86.ActiveCfg = Debug|Any CPU
		{5A834A94-2DFE-C70F-2902-FD0E2F90F97C}.Debug|x86.Build.0 = Debug|Any CPU
		{5A834A94-2DFE-C70F-2902-FD0E2F90F97C}.Release|Any CPU.ActiveCfg = Release|Any CPU
		{5A834A94-2DFE-C70F-2902-FD0E2F90F97C}.Release|Any CPU.Build.0 = Release|Any CPU
		{5A834A94-2DFE-C70F-2902-FD0E2F90F97C}.Release|x64.ActiveCfg = Release|Any CPU
		{5A834A94-2DFE-C70F-2902-FD0E2F90F97C}.Release|x64.Build.0 = Release|Any CPU
		{5A834A94-2DFE-C70F-2902-FD0E2F90F97C}.Release|x86.ActiveCfg = Release|Any CPU
		{5A834A94-2DFE-C70F-2902-FD0E2F90F97C}.Release|x86.Build.0 = Release|Any CPU
		{1A54F8AD-EFD3-1EB5-D580-C7DAE8478013}.Debug|Any CPU.ActiveCfg = Debug|Any CPU
		{1A54F8AD-EFD3-1EB5-D580-C7DAE8478013}.Debug|Any CPU.Build.0 = Debug|Any CPU
		{1A54F8AD-EFD3-1EB5-D580-C7DAE8478013}.Debug|x64.ActiveCfg = Debug|Any CPU
		{1A54F8AD-EFD3-1EB5-D580-C7DAE8478013}.Debug|x64.Build.0 = Debug|Any CPU
		{1A54F8AD-EFD3-1EB5-D580-C7DAE8478013}.Debug|x86.ActiveCfg = Debug|Any CPU
		{1A54F8AD-EFD3-1EB5-D580-C7DAE8478013}.Debug|x86.Build.0 = Debug|Any CPU
		{1A54F8AD-EFD3-1EB5-D580-C7DAE8478013}.Release|Any CPU.ActiveCfg = Release|Any CPU
		{1A54F8AD-EFD3-1EB5-D580-C7DAE8478013}.Release|Any CPU.Build.0 = Release|Any CPU
		{1A54F8AD-EFD3-1EB5-D580-C7DAE8478013}.Release|x64.ActiveCfg = Release|Any CPU
		{1A54F8AD-EFD3-1EB5-D580-C7DAE8478013}.Release|x64.Build.0 = Release|Any CPU
		{1A54F8AD-EFD3-1EB5-D580-C7DAE8478013}.Release|x86.ActiveCfg = Release|Any CPU
		{1A54F8AD-EFD3-1EB5-D580-C7DAE8478013}.Release|x86.Build.0 = Release|Any CPU
		{FB0B4716-CAF3-3897-24C6-178AE7572C98}.Debug|Any CPU.ActiveCfg = Debug|Any CPU
		{FB0B4716-CAF3-3897-24C6-178AE7572C98}.Debug|Any CPU.Build.0 = Debug|Any CPU
		{FB0B4716-CAF3-3897-24C6-178AE7572C98}.Debug|x64.ActiveCfg = Debug|Any CPU
		{FB0B4716-CAF3-3897-24C6-178AE7572C98}.Debug|x64.Build.0 = Debug|Any CPU
		{FB0B4716-CAF3-3897-24C6-178AE7572C98}.Debug|x86.ActiveCfg = Debug|Any CPU
		{FB0B4716-CAF3-3897-24C6-178AE7572C98}.Debug|x86.Build.0 = Debug|Any CPU
		{FB0B4716-CAF3-3897-24C6-178AE7572C98}.Release|Any CPU.ActiveCfg = Release|Any CPU
		{FB0B4716-CAF3-3897-24C6-178AE7572C98}.Release|Any CPU.Build.0 = Release|Any CPU
		{FB0B4716-CAF3-3897-24C6-178AE7572C98}.Release|x64.ActiveCfg = Release|Any CPU
		{FB0B4716-CAF3-3897-24C6-178AE7572C98}.Release|x64.Build.0 = Release|Any CPU
		{FB0B4716-CAF3-3897-24C6-178AE7572C98}.Release|x86.ActiveCfg = Release|Any CPU
		{FB0B4716-CAF3-3897-24C6-178AE7572C98}.Release|x86.Build.0 = Release|Any CPU
	EndGlobalSection
	GlobalSection(SolutionProperties) = preSolution
		HideSolutionNode = FALSE
	EndGlobalSection
	GlobalSection(ExtensibilityGlobals) = postSolution
		SolutionGuid = {53ACE52E-675F-4D3D-A165-F3C5D7934B2C}
	EndGlobalSection
EndGlobal
